
Microsoft Visual Studio Solution File, Format Version 12.00
# Visual Studio Version 17
VisualStudioVersion = 17.8.34330.188
MinimumVisualStudioVersion = 10.0.40219.1
Project("{FAE04EC0-301F-11D3-BF4B-00C04F79EFBC}") = "CoursesUIT", "CoursesUIT\CoursesUIT.csproj", "{A656C755-590F-4B28-9F21-30A5041D3C2A}"
EndProject
Global
	GlobalSection(SolutionConfigurationPlatforms) = preSolution
		Debug|Any CPU = Debug|Any CPU
		Release|Any CPU = Release|Any CPU
	EndGlobalSection
	GlobalSection(ProjectConfigurationPlatforms) = postSolution
		{A656C755-590F-4B28-9F21-30A5041D3C2A}.Debug|Any CPU.ActiveCfg = Debug|Any CPU
		{A656C755-590F-4B28-9F21-30A5041D3C2A}.Debug|Any CPU.Build.0 = Debug|Any CPU
		{A656C755-590F-4B28-9F21-30A5041D3C2A}.Release|Any CPU.ActiveCfg = Release|Any CPU
		{A656C755-590F-4B28-9F21-30A5041D3C2A}.Release|Any CPU.Build.0 = Release|Any CPU
	EndGlobalSection
	GlobalSection(SolutionProperties) = preSolution
		HideSolutionNode = FALSE
	EndGlobalSection
	GlobalSection(ExtensibilityGlobals) = postSolution
		SolutionGuid = {2D95A0EE-0567-4B5A-80BA-CC0B9CDA6F4D}
	EndGlobalSection
EndGlobal
